
Microsoft Visual Studio Solution File, Format Version 12.00
# Visual Studio Version 17
VisualStudioVersion = 17.1.32228.430
MinimumVisualStudioVersion = 10.0.40219.1
Project("{9A19103F-16F7-4668-BE54-9A1E7A4F7556}") = "MyFirstBlazorApp", "MyFirstBlazorApp\MyFirstBlazorApp.csproj", "{5CF904A6-7712-4D07-96EF-8D10302490E5}"
EndProject
Project("{9A19103F-16F7-4668-BE54-9A1E7A4F7556}") = "Entities", "Entities\Entities.csproj", "{05DF37CA-E1C2-424A-BDA5-737DE95875C2}"
EndProject
Project("{FAE04EC0-301F-11D3-BF4B-00C04F79EFBC}") = "DataAccess", "DataAccess\DataAccess.csproj", "{A2298C56-0EFA-4379-9A5D-58F321396568}"
EndProject
Global
	GlobalSection(SolutionConfigurationPlatforms) = preSolution
		Debug|Any CPU = Debug|Any CPU
		Release|Any CPU = Release|Any CPU
	EndGlobalSection
	GlobalSection(ProjectConfigurationPlatforms) = postSolution
		{5CF904A6-7712-4D07-96EF-8D10302490E5}.Debug|Any CPU.ActiveCfg = Debug|Any CPU
		{5CF904A6-7712-4D07-96EF-8D10302490E5}.Debug|Any CPU.Build.0 = Debug|Any CPU
		{5CF904A6-7712-4D07-96EF-8D10302490E5}.Release|Any CPU.ActiveCfg = Release|Any CPU
		{5CF904A6-7712-4D07-96EF-8D10302490E5}.Release|Any CPU.Build.0 = Release|Any CPU
		{05DF37CA-E1C2-424A-BDA5-737DE95875C2}.Debug|Any CPU.ActiveCfg = Debug|Any CPU
		{05DF37CA-E1C2-424A-BDA5-737DE95875C2}.Debug|Any CPU.Build.0 = Debug|Any CPU
		{05DF37CA-E1C2-424A-BDA5-737DE95875C2}.Release|Any CPU.ActiveCfg = Release|Any CPU
		{05DF37CA-E1C2-424A-BDA5-737DE95875C2}.Release|Any CPU.Build.0 = Release|Any CPU
		{A2298C56-0EFA-4379-9A5D-58F321396568}.Debug|Any CPU.ActiveCfg = Debug|Any CPU
		{A2298C56-0EFA-4379-9A5D-58F321396568}.Debug|Any CPU.Build.0 = Debug|Any CPU
		{A2298C56-0EFA-4379-9A5D-58F321396568}.Release|Any CPU.ActiveCfg = Release|Any CPU
		{A2298C56-0EFA-4379-9A5D-58F321396568}.Release|Any CPU.Build.0 = Release|Any CPU
	EndGlobalSection
	GlobalSection(SolutionProperties) = preSolution
		HideSolutionNode = FALSE
	EndGlobalSection
	GlobalSection(ExtensibilityGlobals) = postSolution
		SolutionGuid = {C328BFBE-7C73-4D8E-B412-71ED4F6FB044}
	EndGlobalSection
EndGlobal
